
Microsoft Visual Studio Solution File, Format Version 12.00
# Visual Studio Version 16
VisualStudioVersion = 16.0.32002.261
MinimumVisualStudioVersion = 10.0.40219.1
Project("{E24C65DC-7377-472B-9ABA-BC803B73C61A}") = "WCFService", "WCFService\", "{39393C21-D2A8-4EFF-9AA4-AA61A916E668}"
	ProjectSection(WebsiteProperties) = preProject
		TargetFrameworkMoniker = ".NETFramework,Version%3Dv4.7.2"
		Debug.AspNetCompiler.VirtualPath = "/localhost_58442"
		Debug.AspNetCompiler.PhysicalPath = "WCFService\"
		Debug.AspNetCompiler.TargetPath = "PrecompiledWeb\localhost_58442\"
		Debug.AspNetCompiler.Updateable = "true"
		Debug.AspNetCompiler.ForceOverwrite = "true"
		Debug.AspNetCompiler.FixedNames = "false"
		Debug.AspNetCompiler.Debug = "True"
		Release.AspNetCompiler.VirtualPath = "/localhost_58442"
		Release.AspNetCompiler.PhysicalPath = "WCFService\"
		Release.AspNetCompiler.TargetPath = "PrecompiledWeb\localhost_58442\"
		Release.AspNetCompiler.Updateable = "true"
		Release.AspNetCompiler.ForceOverwrite = "true"
		Release.AspNetCompiler.FixedNames = "false"
		Release.AspNetCompiler.Debug = "False"
		VWDPort = "58442"
		SlnRelativePath = "WCFService\"
		DefaultWebSiteLanguage = "Visual C#"
	EndProjectSection
EndProject
Project("{FAE04EC0-301F-11D3-BF4B-00C04F79EFBC}") = "WebForm", "WebForm\WebForm.csproj", "{9482F2E1-3A74-41B2-B2E5-5044AB05FFB3}"
	ProjectSection(ProjectDependencies) = postProject
		{39393C21-D2A8-4EFF-9AA4-AA61A916E668} = {39393C21-D2A8-4EFF-9AA4-AA61A916E668}
	EndProjectSection
EndProject
Global
	GlobalSection(SolutionConfigurationPlatforms) = preSolution
		Debug|Any CPU = Debug|Any CPU
		Release|Any CPU = Release|Any CPU
	EndGlobalSection
	GlobalSection(ProjectConfigurationPlatforms) = postSolution
		{39393C21-D2A8-4EFF-9AA4-AA61A916E668}.Debug|Any CPU.ActiveCfg = Debug|Any CPU
		{39393C21-D2A8-4EFF-9AA4-AA61A916E668}.Debug|Any CPU.Build.0 = Debug|Any CPU
		{39393C21-D2A8-4EFF-9AA4-AA61A916E668}.Release|Any CPU.ActiveCfg = Debug|Any CPU
		{39393C21-D2A8-4EFF-9AA4-AA61A916E668}.Release|Any CPU.Build.0 = Debug|Any CPU
		{9482F2E1-3A74-41B2-B2E5-5044AB05FFB3}.Debug|Any CPU.ActiveCfg = Debug|Any CPU
		{9482F2E1-3A74-41B2-B2E5-5044AB05FFB3}.Debug|Any CPU.Build.0 = Debug|Any CPU
		{9482F2E1-3A74-41B2-B2E5-5044AB05FFB3}.Release|Any CPU.ActiveCfg = Release|Any CPU
		{9482F2E1-3A74-41B2-B2E5-5044AB05FFB3}.Release|Any CPU.Build.0 = Release|Any CPU
	EndGlobalSection
	GlobalSection(SolutionProperties) = preSolution
		HideSolutionNode = FALSE
	EndGlobalSection
	GlobalSection(ExtensibilityGlobals) = postSolution
		SolutionGuid = {E830A50A-0082-43BA-9787-A63A323ABDB7}
	EndGlobalSection
EndGlobal
