
Microsoft Visual Studio Solution File, Format Version 12.00
# Visual Studio Version 16
VisualStudioVersion = 16.0.32126.315
MinimumVisualStudioVersion = 10.0.40219.1
Project("{E24C65DC-7377-472B-9ABA-BC803B73C61A}") = "WCFService", "WCFService\", "{4F99C7E5-C338-4DCB-8121-0288626F064F}"
	ProjectSection(WebsiteProperties) = preProject
		TargetFrameworkMoniker = ".NETFramework,Version%3Dv4.7.2"
		Debug.AspNetCompiler.VirtualPath = "/localhost_60371"
		Debug.AspNetCompiler.PhysicalPath = "WCFService\"
		Debug.AspNetCompiler.TargetPath = "PrecompiledWeb\localhost_60371\"
		Debug.AspNetCompiler.Updateable = "true"
		Debug.AspNetCompiler.ForceOverwrite = "true"
		Debug.AspNetCompiler.FixedNames = "false"
		Debug.AspNetCompiler.Debug = "True"
		Release.AspNetCompiler.VirtualPath = "/localhost_60371"
		Release.AspNetCompiler.PhysicalPath = "WCFService\"
		Release.AspNetCompiler.TargetPath = "PrecompiledWeb\localhost_60371\"
		Release.AspNetCompiler.Updateable = "true"
		Release.AspNetCompiler.ForceOverwrite = "true"
		Release.AspNetCompiler.FixedNames = "false"
		Release.AspNetCompiler.Debug = "False"
		VWDPort = "60371"
		SlnRelativePath = "WCFService\"
		DefaultWebSiteLanguage = "Visual C#"
	EndProjectSection
EndProject
Project("{FAE04EC0-301F-11D3-BF4B-00C04F79EFBC}") = "Winform", "Winform\Winform.csproj", "{3248D388-1B34-4D8D-B7C9-5927FADDE4C3}"
	ProjectSection(ProjectDependencies) = postProject
		{4F99C7E5-C338-4DCB-8121-0288626F064F} = {4F99C7E5-C338-4DCB-8121-0288626F064F}
	EndProjectSection
EndProject
Global
	GlobalSection(SolutionConfigurationPlatforms) = preSolution
		Debug|Any CPU = Debug|Any CPU
		Release|Any CPU = Release|Any CPU
	EndGlobalSection
	GlobalSection(ProjectConfigurationPlatforms) = postSolution
		{4F99C7E5-C338-4DCB-8121-0288626F064F}.Debug|Any CPU.ActiveCfg = Debug|Any CPU
		{4F99C7E5-C338-4DCB-8121-0288626F064F}.Debug|Any CPU.Build.0 = Debug|Any CPU
		{4F99C7E5-C338-4DCB-8121-0288626F064F}.Release|Any CPU.ActiveCfg = Debug|Any CPU
		{4F99C7E5-C338-4DCB-8121-0288626F064F}.Release|Any CPU.Build.0 = Debug|Any CPU
		{3248D388-1B34-4D8D-B7C9-5927FADDE4C3}.Debug|Any CPU.ActiveCfg = Debug|Any CPU
		{3248D388-1B34-4D8D-B7C9-5927FADDE4C3}.Debug|Any CPU.Build.0 = Debug|Any CPU
		{3248D388-1B34-4D8D-B7C9-5927FADDE4C3}.Release|Any CPU.ActiveCfg = Release|Any CPU
		{3248D388-1B34-4D8D-B7C9-5927FADDE4C3}.Release|Any CPU.Build.0 = Release|Any CPU
	EndGlobalSection
	GlobalSection(SolutionProperties) = preSolution
		HideSolutionNode = FALSE
	EndGlobalSection
	GlobalSection(ExtensibilityGlobals) = postSolution
		SolutionGuid = {2DDA6C31-7EE3-4EFF-BDDC-86A62A90FEC9}
	EndGlobalSection
EndGlobal
