
Microsoft Visual Studio Solution File, Format Version 12.00
# Visual Studio Version 16
VisualStudioVersion = 16.0.32126.315
MinimumVisualStudioVersion = 10.0.40219.1
Project("{FAE04EC0-301F-11D3-BF4B-00C04F79EFBC}") = "WcfService", "WcfService\WcfService.csproj", "{23132471-FD90-42B4-91C1-6ACB134FDF3F}"
EndProject
Project("{FAE04EC0-301F-11D3-BF4B-00C04F79EFBC}") = "WebForm", "WebForm\WebForm.csproj", "{655F4207-27F3-4049-A738-A047F68E3BF2}"
	ProjectSection(ProjectDependencies) = postProject
		{23132471-FD90-42B4-91C1-6ACB134FDF3F} = {23132471-FD90-42B4-91C1-6ACB134FDF3F}
	EndProjectSection
EndProject
Global
	GlobalSection(SolutionConfigurationPlatforms) = preSolution
		Debug|Any CPU = Debug|Any CPU
		Release|Any CPU = Release|Any CPU
	EndGlobalSection
	GlobalSection(ProjectConfigurationPlatforms) = postSolution
		{23132471-FD90-42B4-91C1-6ACB134FDF3F}.Debug|Any CPU.ActiveCfg = Debug|Any CPU
		{23132471-FD90-42B4-91C1-6ACB134FDF3F}.Debug|Any CPU.Build.0 = Debug|Any CPU
		{23132471-FD90-42B4-91C1-6ACB134FDF3F}.Release|Any CPU.ActiveCfg = Release|Any CPU
		{23132471-FD90-42B4-91C1-6ACB134FDF3F}.Release|Any CPU.Build.0 = Release|Any CPU
		{655F4207-27F3-4049-A738-A047F68E3BF2}.Debug|Any CPU.ActiveCfg = Debug|Any CPU
		{655F4207-27F3-4049-A738-A047F68E3BF2}.Debug|Any CPU.Build.0 = Debug|Any CPU
		{655F4207-27F3-4049-A738-A047F68E3BF2}.Release|Any CPU.ActiveCfg = Release|Any CPU
		{655F4207-27F3-4049-A738-A047F68E3BF2}.Release|Any CPU.Build.0 = Release|Any CPU
	EndGlobalSection
	GlobalSection(SolutionProperties) = preSolution
		HideSolutionNode = FALSE
	EndGlobalSection
	GlobalSection(ExtensibilityGlobals) = postSolution
		SolutionGuid = {6D3B98FB-C15E-43A6-B3BC-F90CE2C5C92B}
	EndGlobalSection
EndGlobal
